{
    "name": "twilio-express",
    "version": "0.0.1",
    "lockfileVersion": 2,
    "requires": true,
    "packages": {
        "": {
            "name": "twilio-express",
            "version": "0.0.1",
            "dependencies": {
                "ejs": "*",
                "express": "3.0.3",
                "twilio": "git://github.com/kwhinnery/twilio-node.git"
            },
            "engines": {
                "node": "0.8.x",
                "npm": "1.1.x"
            }
        },
        "node_modules/ansi-styles": {
            "version": "4.3.0",
            "resolved": "https://registry.npmjs.org/ansi-styles/-/ansi-styles-4.3.0.tgz",
            "integrity": "sha512-zbB9rCJAT1rbjiVDb2hqKFHNYLxgtk8NURxZ3IZwD3F6NtxbXZQCnnSi1Lkx+IDohdPlFp222wVALIheZJQSEg==",
            "dependencies": {
                "color-convert": "^2.0.1"
            },
            "engines": {
                "node": ">=8"
            },
            "funding": {
                "url": "https://github.com/chalk/ansi-styles?sponsor=1"
            }
        },
        "node_modules/asn1": {
            "version": "0.1.11",
            "resolved": "https://registry.npmjs.org/asn1/-/asn1-0.1.11.tgz",
            "integrity": "sha512-Fh9zh3G2mZ8qM/kwsiKwL2U2FmXxVsboP4x1mXjnhKHv3SmzaBZoYvxEQJz/YS2gnCgd8xlAVWcZnQyC9qZBsA==",
            "engines": {
                "node": ">=0.4.9"
            }
        },
        "node_modules/assert-plus": {
            "version": "0.1.5",
            "resolved": "https://registry.npmjs.org/assert-plus/-/assert-plus-0.1.5.tgz",
            "integrity": "sha512-brU24g7ryhRwGCI2y+1dGQmQXiZF7TtIj583S96y0jjdajIe6wn8BuXyELYhvD22dtIxDQVFk04YTJwwdwOYJw==",
            "engines": {
                "node": ">=0.8"
            }
        },
        "node_modules/async": {
            "version": "3.2.4",
            "resolved": "https://registry.npmjs.org/async/-/async-3.2.4.tgz",
            "integrity": "sha512-iAB+JbDEGXhyIUavoDl9WP/Jj106Kz9DEn1DPgYw5ruDn0e3Wgi3sKFm55sASdGBNOQB8F59d9qQ7deqrHA8wQ=="
        },
        "node_modules/aws-sign": {
            "version": "0.3.0",
            "resolved": "https://registry.npmjs.org/aws-sign/-/aws-sign-0.3.0.tgz",
            "integrity": "sha512-pEMJAknifcXqXqYVXzGPIu8mJvxtJxIdpVpAs8HNS+paT+9srRUDMQn+3hULS7WbLmttcmvgMvnDcFujqXJyPw==",
            "engines": {
                "node": "*"
            }
        },
        "node_modules/balanced-match": {
            "version": "1.0.2",
            "resolved": "https://registry.npmjs.org/balanced-match/-/balanced-match-1.0.2.tgz",
            "integrity": "sha512-3oSeUO0TMV67hN1AmbXsK4yaqU7tjiHlbxRDZOpH0KW9+CeX4bRAaX0Anxt0tx2MrpRpWwQaPwIlISEJhYU5Pw=="
        },
        "node_modules/boom": {
            "version": "0.4.2",
            "resolved": "https://registry.npmjs.org/boom/-/boom-0.4.2.tgz",
            "integrity": "sha512-OvfN8y1oAxxphzkl2SnCS+ztV/uVKTATtgLjWYg/7KwcNyf3rzpHxNQJZCKtsZd4+MteKczhWbSjtEX4bGgU9g==",
            "deprecated": "This version has been deprecated in accordance with the hapi support policy (hapi.im/support). Please upgrade to the latest version to get the best features, bug fixes, and security patches. If you are unable to upgrade at this time, paid support is available for older versions (hapi.im/commercial).",
            "dependencies": {
                "hoek": "0.9.x"
            },
            "engines": {
                "node": ">=0.8.0"
            }
        },
        "node_modules/brace-expansion": {
            "version": "1.1.11",
            "resolved": "https://registry.npmjs.org/brace-expansion/-/brace-expansion-1.1.11.tgz",
            "integrity": "sha512-iCuPHDFgrHX7H2vEI/5xpz07zSHB00TpugqhmYtVmMO6518mCuRMoOYFldEBl0g187ufozdaHgWKcYFb61qGiA==",
            "dependencies": {
                "balanced-match": "^1.0.0",
                "concat-map": "0.0.1"
            }
        },
        "node_modules/bytes": {
            "version": "0.1.0",
            "resolved": "https://registry.npmjs.org/bytes/-/bytes-0.1.0.tgz",
            "integrity": "sha512-zTSmfpu7b+Mll4T9ZjTYUO3Q6+m+F3ZEQ515ZECaAFhmmHiRl/UcdcAsuFyVklbMRo9GWyRyqTsB6C6ahjGnVA=="
        },
        "node_modules/chalk": {
            "version": "4.1.2",
            "resolved": "https://registry.npmjs.org/chalk/-/chalk-4.1.2.tgz",
            "integrity": "sha512-oKnbhFyRIXpUuez8iBMmyEa4nbj4IOQyuhc/wy9kY7/WVPcwIO9VA668Pu8RkO7+0G76SLROeyw9CpQ061i4mA==",
            "dependencies": {
                "ansi-styles": "^4.1.0",
                "supports-color": "^7.1.0"
            },
            "engines": {
                "node": ">=10"
            },
            "funding": {
                "url": "https://github.com/chalk/chalk?sponsor=1"
            }
        },
        "node_modules/color-convert": {
            "version": "2.0.1",
            "resolved": "https://registry.npmjs.org/color-convert/-/color-convert-2.0.1.tgz",
            "integrity": "sha512-RRECPsj7iu/xb5oKYcsFHSppFNnsj/52OVTRKb4zP5onXwVF3zVmmToNcOfGC+CRDpfK/U584fMg38ZHCaElKQ==",
            "dependencies": {
                "color-name": "~1.1.4"
            },
            "engines": {
                "node": ">=7.0.0"
            }
        },
        "node_modules/color-name": {
            "version": "1.1.4",
            "resolved": "https://registry.npmjs.org/color-name/-/color-name-1.1.4.tgz",
            "integrity": "sha512-dOy+3AuW3a2wNbZHIuMZpTcgjGuLU/uBL/ubcZF9OXbDo8ff4O8yVp5Bf0efS8uEoYo5q4Fx7dY9OgQGXgAsQA=="
        },
        "node_modules/combined-stream": {
            "version": "0.0.7",
            "resolved": "https://registry.npmjs.org/combined-stream/-/combined-stream-0.0.7.tgz",
            "integrity": "sha512-qfexlmLp9MyrkajQVyjEDb0Vj+KhRgR/rxLiVhaihlT+ZkX0lReqtH6Ack40CvMDERR4b5eFp3CreskpBs1Pig==",
            "dependencies": {
                "delayed-stream": "0.0.5"
            },
            "engines": {
                "node": ">= 0.8"
            }
        },
        "node_modules/commander": {
            "version": "0.6.1",
            "resolved": "https://registry.npmjs.org/commander/-/commander-0.6.1.tgz",
            "integrity": "sha512-0fLycpl1UMTGX257hRsu/arL/cUbcvQM4zMKwvLvzXtfdezIV4yotPS2dYtknF+NmEfWSoCEF6+hj9XLm/6hEw==",
            "engines": {
                "node": ">= 0.4.x"
            }
        },
        "node_modules/concat-map": {
            "version": "0.0.1",
            "resolved": "https://registry.npmjs.org/concat-map/-/concat-map-0.0.1.tgz",
            "integrity": "sha512-/Srv4dswyQNBfohGpz9o6Yb3Gz3SrUDqBH5rTuhGR7ahtlbYKnVxw2bCFMRljaA7EXHaXZ8wsHdodFvbkhKmqg=="
        },
        "node_modules/connect": {
            "version": "2.7.0",
            "resolved": "https://registry.npmjs.org/connect/-/connect-2.7.0.tgz",
            "integrity": "sha512-dc4sTwvTiHcZJCph900RXKdgvIFrbHkwJnsfaEfhM06Gsq0Fqp2E0abwBcM3mavwwVtH3J2wlrp5m/E8SJi1OA==",
            "deprecated": "connect 2.x series is deprecated",
            "dependencies": {
                "bytes": "0.1.0",
                "cookie": "0.0.5",
                "cookie-signature": "0.0.1",
                "crc": "0.2.0",
                "debug": "*",
                "formidable": "1.0.11",
                "fresh": "0.1.0",
                "pause": "0.0.1",
                "qs": "0.5.1",
                "send": "0.1.0"
            },
            "engines": {
                "node": ">= 0.5.0"
            }
        },
        "node_modules/cookie": {
            "version": "0.0.5",
            "resolved": "https://registry.npmjs.org/cookie/-/cookie-0.0.5.tgz",
            "integrity": "sha512-STLsAHdtBDF5GJiPHc4sdfX5qzri6bcSxdSlW/o4IYJAA5yZxh3ZZsvctsKRNbhpP328sN+A2EjOF9vcW/LhdQ==",
            "engines": {
                "node": "*"
            }
        },
        "node_modules/cookie-jar": {
            "version": "0.3.0",
            "resolved": "https://registry.npmjs.org/cookie-jar/-/cookie-jar-0.3.0.tgz",
            "integrity": "sha512-dX1400pzPULr+ZovkIsDEqe7XH8xCAYGT5Dege4Eot44Qs2mS2iJmnh45TxTO5MIsCfrV/JGZVloLhm46AHxNw==",
            "engines": {
                "node": "*"
            }
        },
        "node_modules/cookie-signature": {
            "version": "0.0.1",
            "resolved": "https://registry.npmjs.org/cookie-signature/-/cookie-signature-0.0.1.tgz",
            "integrity": "sha512-cF3ACWE4MpShxO2sKb6TtB4wHIn2DsO83K1DNhukqVd5PhYwxLLqHvkrcvHpIpPJ0ow8pqSO36gwL4viDq9edA=="
        },
        "node_modules/crc": {
            "version": "0.2.0",
            "resolved": "https://registry.npmjs.org/crc/-/crc-0.2.0.tgz",
            "integrity": "sha512-LFlOXOW6KT46bjpUevoixE6UQVdm9wMwCrR4JHxg4LJ+9COF7efwTdVMRXrSlNXYmUQgtAcHsWa0VgKBiQZmMQ==",
            "engines": {
                "node": "*"
            }
        },
        "node_modules/cryptiles": {
            "version": "0.2.2",
            "resolved": "https://registry.npmjs.org/cryptiles/-/cryptiles-0.2.2.tgz",
            "integrity": "sha512-gvWSbgqP+569DdslUiCelxIv3IYK5Lgmq1UrRnk+s1WxQOQ16j3GPDcjdtgL5Au65DU/xQi6q3xPtf5Kta+3IQ==",
            "deprecated": "This version has been deprecated in accordance with the hapi support policy (hapi.im/support). Please upgrade to the latest version to get the best features, bug fixes, and security patches. If you are unable to upgrade at this time, paid support is available for older versions (hapi.im/commercial).",
            "dependencies": {
                "boom": "0.4.x"
            },
            "engines": {
                "node": ">=0.8.0"
            }
        },
        "node_modules/ctype": {
            "version": "0.5.3",
            "resolved": "https://registry.npmjs.org/ctype/-/ctype-0.5.3.tgz",
            "integrity": "sha512-T6CEkoSV4q50zW3TlTHMbzy1E5+zlnNcY+yb7tWVYlTwPhx9LpnfAkd4wecpWknDyptp4k97LUZeInlf6jdzBg==",
            "engines": {
                "node": ">= 0.4"
            }
        },
        "node_modules/debug": {
            "version": "4.3.4",
            "resolved": "https://registry.npmjs.org/debug/-/debug-4.3.4.tgz",
            "integrity": "sha512-PRWFHuSU3eDtQJPvnNY7Jcket1j0t5OuOsFzPPzsekD52Zl8qUfFIPEiswXqIvHWGVHOgX+7G/vCNNhehwxfkQ==",
            "dependencies": {
                "ms": "2.1.2"
            },
            "engines": {
                "node": ">=6.0"
            },
            "peerDependenciesMeta": {
                "supports-color": {
                    "optional": true
                }
            }
        },
        "node_modules/delayed-stream": {
            "version": "0.0.5",
            "resolved": "https://registry.npmjs.org/delayed-stream/-/delayed-stream-0.0.5.tgz",
            "integrity": "sha512-v+7uBd1pqe5YtgPacIIbZ8HuHeLFVNe4mUEyFDXL6KiqzEykjbw+5mXZXpGFgNVasdL4jWKgaKIXrEHiynN1LA==",
            "engines": {
                "node": ">=0.4.0"
            }
        },
        "node_modules/ejs": {
            "version": "3.1.8",
            "resolved": "https://registry.npmjs.org/ejs/-/ejs-3.1.8.tgz",
            "integrity": "sha512-/sXZeMlhS0ArkfX2Aw780gJzXSMPnKjtspYZv+f3NiKLlubezAHDU5+9xz6gd3/NhG3txQCo6xlglmTS+oTGEQ==",
            "dependencies": {
                "jake": "^10.8.5"
            },
            "bin": {
                "ejs": "bin/cli.js"
            },
            "engines": {
                "node": ">=0.10.0"
            }
        },
        "node_modules/express": {
            "version": "3.0.3",
            "resolved": "https://registry.npmjs.org/express/-/express-3.0.3.tgz",
            "integrity": "sha512-FvLeKv/gvbKLTQZX0yaJ8xNOImQf8G307G9q7saUk0FDz8ftPpw6FiV5Y5p7dBB5un2pZjrXkgmpERZHr1tuCg==",
            "dependencies": {
                "commander": "0.6.1",
                "connect": "2.7.0",
                "cookie": "0.0.5",
                "cookie-signature": "0.0.1",
                "crc": "0.2.0",
                "debug": "*",
                "fresh": "0.1.0",
                "methods": "0.0.1",
                "mkdirp": "0.3.3",
                "range-parser": "0.0.4",
                "send": "0.1.0"
            },
            "bin": {
                "express": "bin/express"
            },
            "engines": {
                "node": "*"
            }
        },
        "node_modules/filelist": {
            "version": "1.0.4",
            "resolved": "https://registry.npmjs.org/filelist/-/filelist-1.0.4.tgz",
            "integrity": "sha512-w1cEuf3S+DrLCQL7ET6kz+gmlJdbq9J7yXCSjK/OZCPA+qEN1WyF4ZAf0YYJa4/shHJra2t/d/r8SV4Ji+x+8Q==",
            "dependencies": {
                "minimatch": "^5.0.1"
            }
        },
        "node_modules/filelist/node_modules/brace-expansion": {
            "version": "2.0.1",
            "resolved": "https://registry.npmjs.org/brace-expansion/-/brace-expansion-2.0.1.tgz",
            "integrity": "sha512-XnAIvQ8eM+kC6aULx6wuQiwVsnzsi9d3WxzV3FpWTGA19F621kwdbsAcFKXgKUHZWsy+mY6iL1sHTxWEFCytDA==",
            "dependencies": {
                "balanced-match": "^1.0.0"
            }
        },
        "node_modules/filelist/node_modules/minimatch": {
            "version": "5.1.1",
            "resolved": "https://registry.npmjs.org/minimatch/-/minimatch-5.1.1.tgz",
            "integrity": "sha512-362NP+zlprccbEt/SkxKfRMHnNY85V74mVnpUpNyr3F35covl09Kec7/sEFLt3RA4oXmewtoaanoIf67SE5Y5g==",
            "dependencies": {
                "brace-expansion": "^2.0.1"
            },
            "engines": {
                "node": ">=10"
            }
        },
        "node_modules/forever-agent": {
            "version": "0.5.2",
            "resolved": "https://registry.npmjs.org/forever-agent/-/forever-agent-0.5.2.tgz",
            "integrity": "sha512-PDG5Ef0Dob/JsZUxUltJOhm/Y9mlteAE+46y3M9RBz/Rd3QVENJ75aGRhN56yekTUboaBIkd8KVWX2NjF6+91A==",
            "engines": {
                "node": "*"
            }
        },
        "node_modules/form-data": {
            "version": "0.1.4",
            "resolved": "https://registry.npmjs.org/form-data/-/form-data-0.1.4.tgz",
            "integrity": "sha512-x8eE+nzFtAMA0YYlSxf/Qhq6vP1f8wSoZ7Aw1GuctBcmudCNuTUmmx45TfEplyb6cjsZO/jvh6+1VpZn24ez+w==",
            "dependencies": {
                "async": "~0.9.0",
                "combined-stream": "~0.0.4",
                "mime": "~1.2.11"
            },
            "engines": {
                "node": ">= 0.8"
            }
        },
        "node_modules/form-data/node_modules/async": {
            "version": "0.9.2",
            "resolved": "https://registry.npmjs.org/async/-/async-0.9.2.tgz",
            "integrity": "sha512-l6ToIJIotphWahxxHyzK9bnLR6kM4jJIIgLShZeqLY7iboHoGkdgFl7W2/Ivi4SkMJYGKqW8vSuk0uKUj6qsSw=="
        },
        "node_modules/form-data/node_modules/mime": {
            "version": "1.2.11",
            "resolved": "https://registry.npmjs.org/mime/-/mime-1.2.11.tgz",
            "integrity": "sha512-Ysa2F/nqTNGHhhm9MV8ure4+Hc+Y8AWiqUdHxsO7xu8zc92ND9f3kpALHjaP026Ft17UfxrMt95c50PLUeynBw=="
        },
        "node_modules/formidable": {
            "version": "1.0.11",
            "resolved": "https://registry.npmjs.org/formidable/-/formidable-1.0.11.tgz",
            "integrity": "sha512-ZG3xz6afuCmpLGNtTI/W8HDKWisPv/iZgtEvfB1nF3vJHDJ2M4hpU/HDLJQYnTVqErpaLphweqOMULwP/Ls6cg==",
            "deprecated": "Please upgrade to latest, formidable@v2 or formidable@v3! Check these notes: https://bit.ly/2ZEqIau",
            "engines": {
                "node": "*"
            }
        },
        "node_modules/fresh": {
            "version": "0.1.0",
            "resolved": "https://registry.npmjs.org/fresh/-/fresh-0.1.0.tgz",
            "integrity": "sha512-ROG9M8tikYOuOJsvRBggh10WiQ/JebnldAwuCaQyFoiAUIE9XrYVnpznIjOQGZfCMzxzEBYHQr/LHJp3tcndzQ==",
            "engines": {
                "node": "*"
            }
        },
        "node_modules/has-flag": {
            "version": "4.0.0",
            "resolved": "https://registry.npmjs.org/has-flag/-/has-flag-4.0.0.tgz",
            "integrity": "sha512-EykJT/Q1KjTWctppgIAgfSO0tKVuZUjhgMr17kqTumMl6Afv3EISleU7qZUzoXDFTAHTDC4NOoG/ZxU3EvlMPQ==",
            "engines": {
                "node": ">=8"
            }
        },
        "node_modules/hawk": {
            "version": "1.0.0",
            "resolved": "https://registry.npmjs.org/hawk/-/hawk-1.0.0.tgz",
            "integrity": "sha512-Sg+VzrI7TjUomO0rjD6UXawsj50ykn5sB/xKNW/IenxzRVyw/wt9A2FLzYpGL/r0QG5hyXY8nLx/2m8UutoDcg==",
            "deprecated": "This module moved to @hapi/hawk. Please make sure to switch over as this distribution is no longer supported and may contain bugs and critical security issues.",
            "dependencies": {
                "boom": "0.4.x",
                "cryptiles": "0.2.x",
                "hoek": "0.9.x",
                "sntp": "0.2.x"
            },
            "engines": {
                "node": ">=0.8.0"
            }
        },
        "node_modules/hoek": {
            "version": "0.9.1",
            "resolved": "https://registry.npmjs.org/hoek/-/hoek-0.9.1.tgz",
            "integrity": "sha512-ZZ6eGyzGjyMTmpSPYVECXy9uNfqBR7x5CavhUaLOeD6W0vWK1mp/b7O3f86XE0Mtfo9rZ6Bh3fnuw9Xr8MF9zA==",
            "deprecated": "This version has been deprecated in accordance with the hapi support policy (hapi.im/support). Please upgrade to the latest version to get the best features, bug fixes, and security patches. If you are unable to upgrade at this time, paid support is available for older versions (hapi.im/commercial).",
            "engines": {
                "node": ">=0.8.0"
            }
        },
        "node_modules/http-signature": {
            "version": "0.10.1",
            "resolved": "https://registry.npmjs.org/http-signature/-/http-signature-0.10.1.tgz",
            "integrity": "sha512-coK8uR5rq2IMj+Hen+sKPA5ldgbCc1/spPdKCL1Fw6h+D0s/2LzMcRK0Cqufs1h0ryx/niwBHGFu8HC3hwU+lA==",
            "dependencies": {
                "asn1": "0.1.11",
                "assert-plus": "^0.1.5",
                "ctype": "0.5.3"
            },
            "engines": {
                "node": ">=0.8"
            }
        },
        "node_modules/jake": {
            "version": "10.8.5",
            "resolved": "https://registry.npmjs.org/jake/-/jake-10.8.5.tgz",
            "integrity": "sha512-sVpxYeuAhWt0OTWITwT98oyV0GsXyMlXCF+3L1SuafBVUIr/uILGRB+NqwkzhgXKvoJpDIpQvqkUALgdmQsQxw==",
            "dependencies": {
                "async": "^3.2.3",
                "chalk": "^4.0.2",
                "filelist": "^1.0.1",
                "minimatch": "^3.0.4"
            },
            "bin": {
                "jake": "bin/cli.js"
            },
            "engines": {
                "node": ">=10"
            }
        },
        "node_modules/json-stringify-safe": {
            "version": "5.0.1",
            "resolved": "https://registry.npmjs.org/json-stringify-safe/-/json-stringify-safe-5.0.1.tgz",
            "integrity": "sha512-ZClg6AaYvamvYEE82d3Iyd3vSSIjQ+odgjaTzRuO3s7toCdFKczob2i0zCh7JE8kWn17yvAWhUVxvqGwUalsRA=="
        },
        "node_modules/jwt-simple": {
            "version": "0.1.0",
            "resolved": "https://registry.npmjs.org/jwt-simple/-/jwt-simple-0.1.0.tgz",
            "integrity": "sha512-nzPw1mD2A9NsGLsbEtWosUaovu1nf7O86e4kv7MO5DZOQcSR1VIbz9a1MogWb+h4RbUv8TyhhkDKi3mTmy1Ubw==",
            "engines": {
                "node": ">= 0.4.0"
            }
        },
        "node_modules/methods": {
            "version": "0.0.1",
            "resolved": "https://registry.npmjs.org/methods/-/methods-0.0.1.tgz",
            "integrity": "sha512-pB8oFfci/xcfUgM6DTxc7lbTKifPPgs3mZUOsEgaH+1TTWpmcmv3sHl+5sUHIj2X2W8aPYa2+nJealRHK+Lo6A=="
        },
        "node_modules/mime": {
            "version": "1.2.6",
            "resolved": "https://registry.npmjs.org/mime/-/mime-1.2.6.tgz",
            "integrity": "sha512-S4yfg1ehMduQ5F3NeTUUWJesnut4RvymaRSatO4etOm68yZE98oCg2GtgG0coGYx03GCv240sezMvRwFk8DUKw==",
            "engines": {
                "node": "*"
            }
        },
        "node_modules/minimatch": {
            "version": "3.1.2",
            "resolved": "https://registry.npmjs.org/minimatch/-/minimatch-3.1.2.tgz",
            "integrity": "sha512-J7p63hRiAjw1NDEww1W7i37+ByIrOWO5XQQAzZ3VOcL0PNybwpfmV/N05zFAzwQ9USyEcX6t3UO+K5aqBQOIHw==",
            "dependencies": {
                "brace-expansion": "^1.1.7"
            },
            "engines": {
                "node": "*"
            }
        },
        "node_modules/mkdirp": {
            "version": "0.3.3",
            "resolved": "https://registry.npmjs.org/mkdirp/-/mkdirp-0.3.3.tgz",
            "integrity": "sha512-Oamd41MnZw/yuxtarGf3MFbHzFqQY4S17DcN+rATh2t5MKuCtG7vVVRG+RUT6g9+hr47DIVucIHGOUlwmJRvDA==",
            "deprecated": "Legacy versions of mkdirp are no longer supported. Please update to mkdirp 1.x. (Note that the API surface has changed to use Promises in 1.x.)",
            "engines": {
                "node": "*"
            }
        },
        "node_modules/ms": {
            "version": "2.1.2",
            "resolved": "https://registry.npmjs.org/ms/-/ms-2.1.2.tgz",
            "integrity": "sha512-sGkPx+VjMtmA6MX27oA4FBFELFCZZ4S4XqeGOXCv68tT+jb3vk/RyaKWP0PTKyWtmLSM0b+adUTEvbs1PEaH2w=="
        },
        "node_modules/node-uuid": {
            "version": "1.4.8",
            "resolved": "https://registry.npmjs.org/node-uuid/-/node-uuid-1.4.8.tgz",
            "integrity": "sha512-TkCET/3rr9mUuRp+CpO7qfgT++aAxfDRaalQhwPFzI9BY/2rCDn6OfpZOVggi1AXfTPpfkTrg5f5WQx5G1uLxA==",
            "deprecated": "Use uuid module instead",
            "bin": {
                "uuid": "bin/uuid"
            }
        },
        "node_modules/oauth-sign": {
            "version": "0.3.0",
            "resolved": "https://registry.npmjs.org/oauth-sign/-/oauth-sign-0.3.0.tgz",
            "integrity": "sha512-Tr31Sh5FnK9YKm7xTUPyDMsNOvMqkVDND0zvK/Wgj7/H9q8mpye0qG2nVzrnsvLhcsX5DtqXD0la0ks6rkPCGQ==",
            "engines": {
                "node": "*"
            }
        },
        "node_modules/pause": {
            "version": "0.0.1",
            "resolved": "https://registry.npmjs.org/pause/-/pause-0.0.1.tgz",
            "integrity": "sha512-KG8UEiEVkR3wGEb4m5yZkVCzigAD+cVEJck2CzYZO37ZGJfctvVptVO192MwrtPhzONn6go8ylnOdMhKqi4nfg=="
        },
        "node_modules/q": {
            "version": "0.9.7",
            "resolved": "https://registry.npmjs.org/q/-/q-0.9.7.tgz",
            "integrity": "sha512-ijt0LhxWClXBtc1RCt8H0WhlZLAdVX26nWbpsJy+Hblmp81d2F/pFsvlrJhJDDruFHM+ECtxP0H0HzGSrARkwg==",
            "engines": {
                "node": ">=0.6.0",
                "teleport": ">=0.2.0"
            }
        },
        "node_modules/qs": {
            "version": "0.5.1",
            "resolved": "https://registry.npmjs.org/qs/-/qs-0.5.1.tgz",
            "integrity": "sha512-1NhhAEZMTI+2tQrOAGFlS1HFmKCcI9mvsysUbfqvvz6ObXwxCvPuAqzD+5LYBbEfjrdSOakWzaZx4wFPnND+xA==",
            "engines": {
                "node": "*"
            }
        },
        "node_modules/range-parser": {
            "version": "0.0.4",
            "resolved": "https://registry.npmjs.org/range-parser/-/range-parser-0.0.4.tgz",
            "integrity": "sha512-okJVEq9DbZyg+5lD8pr6ooQmeA0uu8DYIyAU7VK1WUUK7hctI1yw2ZHhKiKjB6RXaDrYRmTR4SsIHkyiQpaLMA==",
            "engines": {
                "node": "*"
            }
        },
        "node_modules/request": {
            "version": "2.27.0",
            "resolved": "https://registry.npmjs.org/request/-/request-2.27.0.tgz",
            "integrity": "sha512-V4AYOEmdUrf0X+CVF2hndyMzIeQ8G7LB45HER/rXZYEwNVI3QFGgLPLafQLHjqtG/ggzHEMb66Ng5IemksixsQ==",
            "deprecated": "request has been deprecated, see https://github.com/request/request/issues/3142",
            "engines": [
                "node >= 0.8.0"
            ],
            "dependencies": {
                "aws-sign": "~0.3.0",
                "cookie-jar": "~0.3.0",
                "forever-agent": "~0.5.0",
                "form-data": "~0.1.0",
                "hawk": "~1.0.0",
                "http-signature": "~0.10.0",
                "json-stringify-safe": "~5.0.0",
                "mime": "~1.2.9",
                "node-uuid": "~1.4.0",
                "oauth-sign": "~0.3.0",
                "qs": "~0.6.0",
                "tunnel-agent": "~0.3.0"
            }
        },
        "node_modules/request/node_modules/mime": {
            "version": "1.2.11",
            "resolved": "https://registry.npmjs.org/mime/-/mime-1.2.11.tgz",
            "integrity": "sha512-Ysa2F/nqTNGHhhm9MV8ure4+Hc+Y8AWiqUdHxsO7xu8zc92ND9f3kpALHjaP026Ft17UfxrMt95c50PLUeynBw=="
        },
        "node_modules/request/node_modules/qs": {
            "version": "0.6.6",
            "resolved": "https://registry.npmjs.org/qs/-/qs-0.6.6.tgz",
            "integrity": "sha512-kN+yNdAf29Jgp+AYHUmC7X4QdJPR8czuMWLNLc0aRxkQ7tB3vJQEONKKT9ou/rW7EbqVec11srC9q9BiVbcnHA==",
            "engines": {
                "node": "*"
            }
        },
        "node_modules/scmp": {
            "version": "0.0.3",
            "resolved": "https://registry.npmjs.org/scmp/-/scmp-0.0.3.tgz",
            "integrity": "sha512-ya4sPuUOfcrJnfC+OUqTFgFVBEMOXMS1Xopn0wwIhxKwD4eveTwJoIUN9u1QHJ47nL29/m545dV8KqI92MlHPw==",
            "deprecated": "scmp v2 uses improved core crypto comparison since Node v6.6.0"
        },
        "node_modules/send": {
            "version": "0.1.0",
            "resolved": "https://registry.npmjs.org/send/-/send-0.1.0.tgz",
            "integrity": "sha512-D/GaJQQYx7ICNq9Te5V4wHetfDQdFk3HJ4oBfDUBNW7XQmLbJ8sQDm/wFvVUUpKN8tluOnO1dFdM8KODn6D79w==",
            "dependencies": {
                "debug": "*",
                "fresh": "0.1.0",
                "mime": "1.2.6",
                "range-parser": "0.0.4"
            }
        },
        "node_modules/sntp": {
            "version": "0.2.4",
            "resolved": "https://registry.npmjs.org/sntp/-/sntp-0.2.4.tgz",
            "integrity": "sha512-bDLrKa/ywz65gCl+LmOiIhteP1bhEsAAzhfMedPoiHP3dyYnAevlaJshdqb9Yu0sRifyP/fRqSt8t+5qGIWlGQ==",
            "deprecated": "This module moved to @hapi/sntp. Please make sure to switch over as this distribution is no longer supported and may contain bugs and critical security issues.",
            "dependencies": {
                "hoek": "0.9.x"
            },
            "engines": {
                "node": ">=0.8.0"
            }
        },
        "node_modules/supports-color": {
            "version": "7.2.0",
            "resolved": "https://registry.npmjs.org/supports-color/-/supports-color-7.2.0.tgz",
            "integrity": "sha512-qpCAvRl9stuOHveKsn7HncJRvv501qIacKzQlO/+Lwxc9+0q2wLyv4Dfvt80/DPn2pqOBsJdDiogXGR9+OvwRw==",
            "dependencies": {
                "has-flag": "^4.0.0"
            },
            "engines": {
                "node": ">=8"
            }
        },
        "node_modules/tunnel-agent": {
            "version": "0.3.0",
            "resolved": "https://registry.npmjs.org/tunnel-agent/-/tunnel-agent-0.3.0.tgz",
            "integrity": "sha512-jlGqHGoKzyyjhwv/c9omAgohntThMcGtw8RV/RDLlkbbc08kni/akVxO62N8HaXMVbVsK1NCnpSK3N2xCt22ww==",
            "engines": {
                "node": "*"
            }
        },
        "node_modules/twilio": {
            "version": "1.7.0",
            "resolved": "git+ssh://git@github.com/kwhinnery/twilio-node.git#ac19441914c19a168d591190a9db7a2f179e8c7a",
            "dependencies": {
                "jwt-simple": "0.1.x",
                "q": "0.9.7",
                "request": "2.27.x",
                "scmp": "0.0.3",
                "underscore": "1.x"
            },
            "engines": {
                "node": ">=0.8.0"
            }
        },
        "node_modules/underscore": {
            "version": "1.13.6",
            "resolved": "https://registry.npmjs.org/underscore/-/underscore-1.13.6.tgz",
            "integrity": "sha512-+A5Sja4HP1M08MaXya7p5LvjuM7K6q/2EaC0+iovj/wOcMsTzMvDFbasi/oSapiwOlt252IqsKqPjCl7huKS0A=="
        }
    },
    "dependencies": {
        "ansi-styles": {
            "version": "4.3.0",
            "resolved": "https://registry.npmjs.org/ansi-styles/-/ansi-styles-4.3.0.tgz",
            "integrity": "sha512-zbB9rCJAT1rbjiVDb2hqKFHNYLxgtk8NURxZ3IZwD3F6NtxbXZQCnnSi1Lkx+IDohdPlFp222wVALIheZJQSEg==",
            "requires": {
                "color-convert": "^2.0.1"
            }
        },
        "asn1": {
            "version": "0.1.11",
            "resolved": "https://registry.npmjs.org/asn1/-/asn1-0.1.11.tgz",
            "integrity": "sha512-Fh9zh3G2mZ8qM/kwsiKwL2U2FmXxVsboP4x1mXjnhKHv3SmzaBZoYvxEQJz/YS2gnCgd8xlAVWcZnQyC9qZBsA=="
        },
        "assert-plus": {
            "version": "0.1.5",
            "resolved": "https://registry.npmjs.org/assert-plus/-/assert-plus-0.1.5.tgz",
            "integrity": "sha512-brU24g7ryhRwGCI2y+1dGQmQXiZF7TtIj583S96y0jjdajIe6wn8BuXyELYhvD22dtIxDQVFk04YTJwwdwOYJw=="
        },
        "async": {
            "version": "3.2.4",
            "resolved": "https://registry.npmjs.org/async/-/async-3.2.4.tgz",
            "integrity": "sha512-iAB+JbDEGXhyIUavoDl9WP/Jj106Kz9DEn1DPgYw5ruDn0e3Wgi3sKFm55sASdGBNOQB8F59d9qQ7deqrHA8wQ=="
        },
        "aws-sign": {
            "version": "0.3.0",
            "resolved": "https://registry.npmjs.org/aws-sign/-/aws-sign-0.3.0.tgz",
            "integrity": "sha512-pEMJAknifcXqXqYVXzGPIu8mJvxtJxIdpVpAs8HNS+paT+9srRUDMQn+3hULS7WbLmttcmvgMvnDcFujqXJyPw=="
        },
        "balanced-match": {
            "version": "1.0.2",
            "resolved": "https://registry.npmjs.org/balanced-match/-/balanced-match-1.0.2.tgz",
            "integrity": "sha512-3oSeUO0TMV67hN1AmbXsK4yaqU7tjiHlbxRDZOpH0KW9+CeX4bRAaX0Anxt0tx2MrpRpWwQaPwIlISEJhYU5Pw=="
        },
        "boom": {
            "version": "0.4.2",
            "resolved": "https://registry.npmjs.org/boom/-/boom-0.4.2.tgz",
            "integrity": "sha512-OvfN8y1oAxxphzkl2SnCS+ztV/uVKTATtgLjWYg/7KwcNyf3rzpHxNQJZCKtsZd4+MteKczhWbSjtEX4bGgU9g==",
            "requires": {
                "hoek": "0.9.x"
            }
        },
        "brace-expansion": {
            "version": "1.1.11",
            "resolved": "https://registry.npmjs.org/brace-expansion/-/brace-expansion-1.1.11.tgz",
            "integrity": "sha512-iCuPHDFgrHX7H2vEI/5xpz07zSHB00TpugqhmYtVmMO6518mCuRMoOYFldEBl0g187ufozdaHgWKcYFb61qGiA==",
            "requires": {
                "balanced-match": "^1.0.0",
                "concat-map": "0.0.1"
            }
        },
        "bytes": {
            "version": "0.1.0",
            "resolved": "https://registry.npmjs.org/bytes/-/bytes-0.1.0.tgz",
            "integrity": "sha512-zTSmfpu7b+Mll4T9ZjTYUO3Q6+m+F3ZEQ515ZECaAFhmmHiRl/UcdcAsuFyVklbMRo9GWyRyqTsB6C6ahjGnVA=="
        },
        "chalk": {
            "version": "4.1.2",
            "resolved": "https://registry.npmjs.org/chalk/-/chalk-4.1.2.tgz",
            "integrity": "sha512-oKnbhFyRIXpUuez8iBMmyEa4nbj4IOQyuhc/wy9kY7/WVPcwIO9VA668Pu8RkO7+0G76SLROeyw9CpQ061i4mA==",
            "requires": {
                "ansi-styles": "^4.1.0",
                "supports-color": "^7.1.0"
            }
        },
        "color-convert": {
            "version": "2.0.1",
            "resolved": "https://registry.npmjs.org/color-convert/-/color-convert-2.0.1.tgz",
            "integrity": "sha512-RRECPsj7iu/xb5oKYcsFHSppFNnsj/52OVTRKb4zP5onXwVF3zVmmToNcOfGC+CRDpfK/U584fMg38ZHCaElKQ==",
            "requires": {
                "color-name": "~1.1.4"
            }
        },
        "color-name": {
            "version": "1.1.4",
            "resolved": "https://registry.npmjs.org/color-name/-/color-name-1.1.4.tgz",
            "integrity": "sha512-dOy+3AuW3a2wNbZHIuMZpTcgjGuLU/uBL/ubcZF9OXbDo8ff4O8yVp5Bf0efS8uEoYo5q4Fx7dY9OgQGXgAsQA=="
        },
        "combined-stream": {
            "version": "0.0.7",
            "resolved": "https://registry.npmjs.org/combined-stream/-/combined-stream-0.0.7.tgz",
            "integrity": "sha512-qfexlmLp9MyrkajQVyjEDb0Vj+KhRgR/rxLiVhaihlT+ZkX0lReqtH6Ack40CvMDERR4b5eFp3CreskpBs1Pig==",
            "requires": {
                "delayed-stream": "0.0.5"
            }
        },
        "commander": {
            "version": "0.6.1",
            "resolved": "https://registry.npmjs.org/commander/-/commander-0.6.1.tgz",
            "integrity": "sha512-0fLycpl1UMTGX257hRsu/arL/cUbcvQM4zMKwvLvzXtfdezIV4yotPS2dYtknF+NmEfWSoCEF6+hj9XLm/6hEw=="
        },
        "concat-map": {
            "version": "0.0.1",
            "resolved": "https://registry.npmjs.org/concat-map/-/concat-map-0.0.1.tgz",
            "integrity": "sha512-/Srv4dswyQNBfohGpz9o6Yb3Gz3SrUDqBH5rTuhGR7ahtlbYKnVxw2bCFMRljaA7EXHaXZ8wsHdodFvbkhKmqg=="
        },
        "connect": {
            "version": "2.7.0",
            "resolved": "https://registry.npmjs.org/connect/-/connect-2.7.0.tgz",
            "integrity": "sha512-dc4sTwvTiHcZJCph900RXKdgvIFrbHkwJnsfaEfhM06Gsq0Fqp2E0abwBcM3mavwwVtH3J2wlrp5m/E8SJi1OA==",
            "requires": {
                "bytes": "0.1.0",
                "cookie": "0.0.5",
                "cookie-signature": "0.0.1",
                "crc": "0.2.0",
                "debug": "*",
                "formidable": "1.0.11",
                "fresh": "0.1.0",
                "pause": "0.0.1",
                "qs": "0.5.1",
                "send": "0.1.0"
            }
        },
        "cookie": {
            "version": "0.0.5",
            "resolved": "https://registry.npmjs.org/cookie/-/cookie-0.0.5.tgz",
            "integrity": "sha512-STLsAHdtBDF5GJiPHc4sdfX5qzri6bcSxdSlW/o4IYJAA5yZxh3ZZsvctsKRNbhpP328sN+A2EjOF9vcW/LhdQ=="
        },
        "cookie-jar": {
            "version": "0.3.0",
            "resolved": "https://registry.npmjs.org/cookie-jar/-/cookie-jar-0.3.0.tgz",
            "integrity": "sha512-dX1400pzPULr+ZovkIsDEqe7XH8xCAYGT5Dege4Eot44Qs2mS2iJmnh45TxTO5MIsCfrV/JGZVloLhm46AHxNw=="
        },
        "cookie-signature": {
            "version": "0.0.1",
            "resolved": "https://registry.npmjs.org/cookie-signature/-/cookie-signature-0.0.1.tgz",
            "integrity": "sha512-cF3ACWE4MpShxO2sKb6TtB4wHIn2DsO83K1DNhukqVd5PhYwxLLqHvkrcvHpIpPJ0ow8pqSO36gwL4viDq9edA=="
        },
        "crc": {
            "version": "0.2.0",
            "resolved": "https://registry.npmjs.org/crc/-/crc-0.2.0.tgz",
            "integrity": "sha512-LFlOXOW6KT46bjpUevoixE6UQVdm9wMwCrR4JHxg4LJ+9COF7efwTdVMRXrSlNXYmUQgtAcHsWa0VgKBiQZmMQ=="
        },
        "cryptiles": {
            "version": "0.2.2",
            "resolved": "https://registry.npmjs.org/cryptiles/-/cryptiles-0.2.2.tgz",
            "integrity": "sha512-gvWSbgqP+569DdslUiCelxIv3IYK5Lgmq1UrRnk+s1WxQOQ16j3GPDcjdtgL5Au65DU/xQi6q3xPtf5Kta+3IQ==",
            "requires": {
                "boom": "0.4.x"
            }
        },
        "ctype": {
            "version": "0.5.3",
            "resolved": "https://registry.npmjs.org/ctype/-/ctype-0.5.3.tgz",
            "integrity": "sha512-T6CEkoSV4q50zW3TlTHMbzy1E5+zlnNcY+yb7tWVYlTwPhx9LpnfAkd4wecpWknDyptp4k97LUZeInlf6jdzBg=="
        },
        "debug": {
            "version": "4.3.4",
            "resolved": "https://registry.npmjs.org/debug/-/debug-4.3.4.tgz",
            "integrity": "sha512-PRWFHuSU3eDtQJPvnNY7Jcket1j0t5OuOsFzPPzsekD52Zl8qUfFIPEiswXqIvHWGVHOgX+7G/vCNNhehwxfkQ==",
            "requires": {
                "ms": "2.1.2"
            }
        },
        "delayed-stream": {
            "version": "0.0.5",
            "resolved": "https://registry.npmjs.org/delayed-stream/-/delayed-stream-0.0.5.tgz",
            "integrity": "sha512-v+7uBd1pqe5YtgPacIIbZ8HuHeLFVNe4mUEyFDXL6KiqzEykjbw+5mXZXpGFgNVasdL4jWKgaKIXrEHiynN1LA=="
        },
        "ejs": {
            "version": "3.1.8",
            "resolved": "https://registry.npmjs.org/ejs/-/ejs-3.1.8.tgz",
            "integrity": "sha512-/sXZeMlhS0ArkfX2Aw780gJzXSMPnKjtspYZv+f3NiKLlubezAHDU5+9xz6gd3/NhG3txQCo6xlglmTS+oTGEQ==",
            "requires": {
                "jake": "^10.8.5"
            }
        },
        "express": {
            "version": "3.0.3",
            "resolved": "https://registry.npmjs.org/express/-/express-3.0.3.tgz",
            "integrity": "sha512-FvLeKv/gvbKLTQZX0yaJ8xNOImQf8G307G9q7saUk0FDz8ftPpw6FiV5Y5p7dBB5un2pZjrXkgmpERZHr1tuCg==",
            "requires": {
                "commander": "0.6.1",
                "connect": "2.7.0",
                "cookie": "0.0.5",
                "cookie-signature": "0.0.1",
                "crc": "0.2.0",
                "debug": "*",
                "fresh": "0.1.0",
                "methods": "0.0.1",
                "mkdirp": "0.3.3",
                "range-parser": "0.0.4",
                "send": "0.1.0"
            }
        },
        "filelist": {
            "version": "1.0.4",
            "resolved": "https://registry.npmjs.org/filelist/-/filelist-1.0.4.tgz",
            "integrity": "sha512-w1cEuf3S+DrLCQL7ET6kz+gmlJdbq9J7yXCSjK/OZCPA+qEN1WyF4ZAf0YYJa4/shHJra2t/d/r8SV4Ji+x+8Q==",
            "requires": {
                "minimatch": "^5.0.1"
            },
            "dependencies": {
                "brace-expansion": {
                    "version": "2.0.1",
                    "resolved": "https://registry.npmjs.org/brace-expansion/-/brace-expansion-2.0.1.tgz",
                    "integrity": "sha512-XnAIvQ8eM+kC6aULx6wuQiwVsnzsi9d3WxzV3FpWTGA19F621kwdbsAcFKXgKUHZWsy+mY6iL1sHTxWEFCytDA==",
                    "requires": {
                        "balanced-match": "^1.0.0"
                    }
                },
                "minimatch": {
                    "version": "5.1.1",
                    "resolved": "https://registry.npmjs.org/minimatch/-/minimatch-5.1.1.tgz",
                    "integrity": "sha512-362NP+zlprccbEt/SkxKfRMHnNY85V74mVnpUpNyr3F35covl09Kec7/sEFLt3RA4oXmewtoaanoIf67SE5Y5g==",
                    "requires": {
                        "brace-expansion": "^2.0.1"
                    }
                }
            }
        },
        "forever-agent": {
            "version": "0.5.2",
            "resolved": "https://registry.npmjs.org/forever-agent/-/forever-agent-0.5.2.tgz",
            "integrity": "sha512-PDG5Ef0Dob/JsZUxUltJOhm/Y9mlteAE+46y3M9RBz/Rd3QVENJ75aGRhN56yekTUboaBIkd8KVWX2NjF6+91A=="
        },
        "form-data": {
            "version": "0.1.4",
            "resolved": "https://registry.npmjs.org/form-data/-/form-data-0.1.4.tgz",
            "integrity": "sha512-x8eE+nzFtAMA0YYlSxf/Qhq6vP1f8wSoZ7Aw1GuctBcmudCNuTUmmx45TfEplyb6cjsZO/jvh6+1VpZn24ez+w==",
            "requires": {
                "async": "~0.9.0",
                "combined-stream": "~0.0.4",
                "mime": "~1.2.11"
            },
            "dependencies": {
                "async": {
                    "version": "0.9.2",
                    "resolved": "https://registry.npmjs.org/async/-/async-0.9.2.tgz",
                    "integrity": "sha512-l6ToIJIotphWahxxHyzK9bnLR6kM4jJIIgLShZeqLY7iboHoGkdgFl7W2/Ivi4SkMJYGKqW8vSuk0uKUj6qsSw=="
                },
                "mime": {
                    "version": "1.2.11",
                    "resolved": "https://registry.npmjs.org/mime/-/mime-1.2.11.tgz",
                    "integrity": "sha512-Ysa2F/nqTNGHhhm9MV8ure4+Hc+Y8AWiqUdHxsO7xu8zc92ND9f3kpALHjaP026Ft17UfxrMt95c50PLUeynBw=="
                }
            }
        },
        "formidable": {
            "version": "1.0.11",
            "resolved": "https://registry.npmjs.org/formidable/-/formidable-1.0.11.tgz",
            "integrity": "sha512-ZG3xz6afuCmpLGNtTI/W8HDKWisPv/iZgtEvfB1nF3vJHDJ2M4hpU/HDLJQYnTVqErpaLphweqOMULwP/Ls6cg=="
        },
        "fresh": {
            "version": "0.1.0",
            "resolved": "https://registry.npmjs.org/fresh/-/fresh-0.1.0.tgz",
            "integrity": "sha512-ROG9M8tikYOuOJsvRBggh10WiQ/JebnldAwuCaQyFoiAUIE9XrYVnpznIjOQGZfCMzxzEBYHQr/LHJp3tcndzQ=="
        },
        "has-flag": {
            "version": "4.0.0",
            "resolved": "https://registry.npmjs.org/has-flag/-/has-flag-4.0.0.tgz",
            "integrity": "sha512-EykJT/Q1KjTWctppgIAgfSO0tKVuZUjhgMr17kqTumMl6Afv3EISleU7qZUzoXDFTAHTDC4NOoG/ZxU3EvlMPQ=="
        },
        "hawk": {
            "version": "1.0.0",
            "resolved": "https://registry.npmjs.org/hawk/-/hawk-1.0.0.tgz",
            "integrity": "sha512-Sg+VzrI7TjUomO0rjD6UXawsj50ykn5sB/xKNW/IenxzRVyw/wt9A2FLzYpGL/r0QG5hyXY8nLx/2m8UutoDcg==",
            "requires": {
                "boom": "0.4.x",
                "cryptiles": "0.2.x",
                "hoek": "0.9.x",
                "sntp": "0.2.x"
            }
        },
        "hoek": {
            "version": "0.9.1",
            "resolved": "https://registry.npmjs.org/hoek/-/hoek-0.9.1.tgz",
            "integrity": "sha512-ZZ6eGyzGjyMTmpSPYVECXy9uNfqBR7x5CavhUaLOeD6W0vWK1mp/b7O3f86XE0Mtfo9rZ6Bh3fnuw9Xr8MF9zA=="
        },
        "http-signature": {
            "version": "0.10.1",
            "resolved": "https://registry.npmjs.org/http-signature/-/http-signature-0.10.1.tgz",
            "integrity": "sha512-coK8uR5rq2IMj+Hen+sKPA5ldgbCc1/spPdKCL1Fw6h+D0s/2LzMcRK0Cqufs1h0ryx/niwBHGFu8HC3hwU+lA==",
            "requires": {
                "asn1": "0.1.11",
                "assert-plus": "^0.1.5",
                "ctype": "0.5.3"
            }
        },
        "jake": {
            "version": "10.8.5",
            "resolved": "https://registry.npmjs.org/jake/-/jake-10.8.5.tgz",
            "integrity": "sha512-sVpxYeuAhWt0OTWITwT98oyV0GsXyMlXCF+3L1SuafBVUIr/uILGRB+NqwkzhgXKvoJpDIpQvqkUALgdmQsQxw==",
            "requires": {
                "async": "^3.2.3",
                "chalk": "^4.0.2",
                "filelist": "^1.0.1",
                "minimatch": "^3.0.4"
            }
        },
        "json-stringify-safe": {
            "version": "5.0.1",
            "resolved": "https://registry.npmjs.org/json-stringify-safe/-/json-stringify-safe-5.0.1.tgz",
            "integrity": "sha512-ZClg6AaYvamvYEE82d3Iyd3vSSIjQ+odgjaTzRuO3s7toCdFKczob2i0zCh7JE8kWn17yvAWhUVxvqGwUalsRA=="
        },
        "jwt-simple": {
            "version": "0.1.0",
            "resolved": "https://registry.npmjs.org/jwt-simple/-/jwt-simple-0.1.0.tgz",
            "integrity": "sha512-nzPw1mD2A9NsGLsbEtWosUaovu1nf7O86e4kv7MO5DZOQcSR1VIbz9a1MogWb+h4RbUv8TyhhkDKi3mTmy1Ubw=="
        },
        "methods": {
            "version": "0.0.1",
            "resolved": "https://registry.npmjs.org/methods/-/methods-0.0.1.tgz",
            "integrity": "sha512-pB8oFfci/xcfUgM6DTxc7lbTKifPPgs3mZUOsEgaH+1TTWpmcmv3sHl+5sUHIj2X2W8aPYa2+nJealRHK+Lo6A=="
        },
        "mime": {
            "version": "1.2.6",
            "resolved": "https://registry.npmjs.org/mime/-/mime-1.2.6.tgz",
            "integrity": "sha512-S4yfg1ehMduQ5F3NeTUUWJesnut4RvymaRSatO4etOm68yZE98oCg2GtgG0coGYx03GCv240sezMvRwFk8DUKw=="
        },
        "minimatch": {
            "version": "3.1.2",
            "resolved": "https://registry.npmjs.org/minimatch/-/minimatch-3.1.2.tgz",
            "integrity": "sha512-J7p63hRiAjw1NDEww1W7i37+ByIrOWO5XQQAzZ3VOcL0PNybwpfmV/N05zFAzwQ9USyEcX6t3UO+K5aqBQOIHw==",
            "requires": {
                "brace-expansion": "^1.1.7"
            }
        },
        "mkdirp": {
            "version": "0.3.3",
            "resolved": "https://registry.npmjs.org/mkdirp/-/mkdirp-0.3.3.tgz",
            "integrity": "sha512-Oamd41MnZw/yuxtarGf3MFbHzFqQY4S17DcN+rATh2t5MKuCtG7vVVRG+RUT6g9+hr47DIVucIHGOUlwmJRvDA=="
        },
        "ms": {
            "version": "2.1.2",
            "resolved": "https://registry.npmjs.org/ms/-/ms-2.1.2.tgz",
            "integrity": "sha512-sGkPx+VjMtmA6MX27oA4FBFELFCZZ4S4XqeGOXCv68tT+jb3vk/RyaKWP0PTKyWtmLSM0b+adUTEvbs1PEaH2w=="
        },
        "node-uuid": {
            "version": "1.4.8",
            "resolved": "https://registry.npmjs.org/node-uuid/-/node-uuid-1.4.8.tgz",
            "integrity": "sha512-TkCET/3rr9mUuRp+CpO7qfgT++aAxfDRaalQhwPFzI9BY/2rCDn6OfpZOVggi1AXfTPpfkTrg5f5WQx5G1uLxA=="
        },
        "oauth-sign": {
            "version": "0.3.0",
            "resolved": "https://registry.npmjs.org/oauth-sign/-/oauth-sign-0.3.0.tgz",
            "integrity": "sha512-Tr31Sh5FnK9YKm7xTUPyDMsNOvMqkVDND0zvK/Wgj7/H9q8mpye0qG2nVzrnsvLhcsX5DtqXD0la0ks6rkPCGQ=="
        },
        "pause": {
            "version": "0.0.1",
            "resolved": "https://registry.npmjs.org/pause/-/pause-0.0.1.tgz",
            "integrity": "sha512-KG8UEiEVkR3wGEb4m5yZkVCzigAD+cVEJck2CzYZO37ZGJfctvVptVO192MwrtPhzONn6go8ylnOdMhKqi4nfg=="
        },
        "q": {
            "version": "0.9.7",
            "resolved": "https://registry.npmjs.org/q/-/q-0.9.7.tgz",
            "integrity": "sha512-ijt0LhxWClXBtc1RCt8H0WhlZLAdVX26nWbpsJy+Hblmp81d2F/pFsvlrJhJDDruFHM+ECtxP0H0HzGSrARkwg=="
        },
        "qs": {
            "version": "0.5.1",
            "resolved": "https://registry.npmjs.org/qs/-/qs-0.5.1.tgz",
            "integrity": "sha512-1NhhAEZMTI+2tQrOAGFlS1HFmKCcI9mvsysUbfqvvz6ObXwxCvPuAqzD+5LYBbEfjrdSOakWzaZx4wFPnND+xA=="
        },
        "range-parser": {
            "version": "0.0.4",
            "resolved": "https://registry.npmjs.org/range-parser/-/range-parser-0.0.4.tgz",
            "integrity": "sha512-okJVEq9DbZyg+5lD8pr6ooQmeA0uu8DYIyAU7VK1WUUK7hctI1yw2ZHhKiKjB6RXaDrYRmTR4SsIHkyiQpaLMA=="
        },
        "request": {
            "version": "2.27.0",
            "resolved": "https://registry.npmjs.org/request/-/request-2.27.0.tgz",
            "integrity": "sha512-V4AYOEmdUrf0X+CVF2hndyMzIeQ8G7LB45HER/rXZYEwNVI3QFGgLPLafQLHjqtG/ggzHEMb66Ng5IemksixsQ==",
            "requires": {
                "aws-sign": "~0.3.0",
                "cookie-jar": "~0.3.0",
                "forever-agent": "~0.5.0",
                "form-data": "~0.1.0",
                "hawk": "~1.0.0",
                "http-signature": "~0.10.0",
                "json-stringify-safe": "~5.0.0",
                "mime": "~1.2.9",
                "node-uuid": "~1.4.0",
                "oauth-sign": "~0.3.0",
                "qs": "~0.6.0",
                "tunnel-agent": "~0.3.0"
            },
            "dependencies": {
                "mime": {
                    "version": "1.2.11",
                    "resolved": "https://registry.npmjs.org/mime/-/mime-1.2.11.tgz",
                    "integrity": "sha512-Ysa2F/nqTNGHhhm9MV8ure4+Hc+Y8AWiqUdHxsO7xu8zc92ND9f3kpALHjaP026Ft17UfxrMt95c50PLUeynBw=="
                },
                "qs": {
                    "version": "0.6.6",
                    "resolved": "https://registry.npmjs.org/qs/-/qs-0.6.6.tgz",
                    "integrity": "sha512-kN+yNdAf29Jgp+AYHUmC7X4QdJPR8czuMWLNLc0aRxkQ7tB3vJQEONKKT9ou/rW7EbqVec11srC9q9BiVbcnHA=="
                }
            }
        },
        "scmp": {
            "version": "0.0.3",
            "resolved": "https://registry.npmjs.org/scmp/-/scmp-0.0.3.tgz",
            "integrity": "sha512-ya4sPuUOfcrJnfC+OUqTFgFVBEMOXMS1Xopn0wwIhxKwD4eveTwJoIUN9u1QHJ47nL29/m545dV8KqI92MlHPw=="
        },
        "send": {
            "version": "0.1.0",
            "resolved": "https://registry.npmjs.org/send/-/send-0.1.0.tgz",
            "integrity": "sha512-D/GaJQQYx7ICNq9Te5V4wHetfDQdFk3HJ4oBfDUBNW7XQmLbJ8sQDm/wFvVUUpKN8tluOnO1dFdM8KODn6D79w==",
            "requires": {
                "debug": "*",
                "fresh": "0.1.0",
                "mime": "1.2.6",
                "range-parser": "0.0.4"
            }
        },
        "sntp": {
            "version": "0.2.4",
            "resolved": "https://registry.npmjs.org/sntp/-/sntp-0.2.4.tgz",
            "integrity": "sha512-bDLrKa/ywz65gCl+LmOiIhteP1bhEsAAzhfMedPoiHP3dyYnAevlaJshdqb9Yu0sRifyP/fRqSt8t+5qGIWlGQ==",
            "requires": {
                "hoek": "0.9.x"
            }
        },
        "supports-color": {
            "version": "7.2.0",
            "resolved": "https://registry.npmjs.org/supports-color/-/supports-color-7.2.0.tgz",
            "integrity": "sha512-qpCAvRl9stuOHveKsn7HncJRvv501qIacKzQlO/+Lwxc9+0q2wLyv4Dfvt80/DPn2pqOBsJdDiogXGR9+OvwRw==",
            "requires": {
                "has-flag": "^4.0.0"
            }
        },
        "tunnel-agent": {
            "version": "0.3.0",
            "resolved": "https://registry.npmjs.org/tunnel-agent/-/tunnel-agent-0.3.0.tgz",
            "integrity": "sha512-jlGqHGoKzyyjhwv/c9omAgohntThMcGtw8RV/RDLlkbbc08kni/akVxO62N8HaXMVbVsK1NCnpSK3N2xCt22ww=="
        },
        "twilio": {
            "version": "git+ssh://git@github.com/kwhinnery/twilio-node.git#ac19441914c19a168d591190a9db7a2f179e8c7a",
            "from": "twilio@git://github.com/kwhinnery/twilio-node.git",
            "requires": {
                "jwt-simple": "0.1.x",
                "q": "0.9.7",
                "request": "2.27.x",
                "scmp": "0.0.3",
                "underscore": "1.x"
            }
        },
        "underscore": {
            "version": "1.13.6",
            "resolved": "https://registry.npmjs.org/underscore/-/underscore-1.13.6.tgz",
            "integrity": "sha512-+A5Sja4HP1M08MaXya7p5LvjuM7K6q/2EaC0+iovj/wOcMsTzMvDFbasi/oSapiwOlt252IqsKqPjCl7huKS0A=="
        }
    }
}
